
Microsoft Visual Studio Solution File, Format Version 12.00
# Visual Studio Version 17
VisualStudioVersion = 17.5.33516.290
MinimumVisualStudioVersion = 10.0.40219.1
Project("{FAE04EC0-301F-11D3-BF4B-00C04F79EFBC}") = "ClubeDaLeitura", "ClubeDaLeitura\ClubeDaLeitura.csproj", "{26E6E42C-3C56-4FD9-8156-36926DA8062A}"
EndProject
Global
	GlobalSection(SolutionConfigurationPlatforms) = preSolution
		Debug|Any CPU = Debug|Any CPU
		Release|Any CPU = Release|Any CPU
	EndGlobalSection
	GlobalSection(ProjectConfigurationPlatforms) = postSolution
		{26E6E42C-3C56-4FD9-8156-36926DA8062A}.Debug|Any CPU.ActiveCfg = Debug|Any CPU
		{26E6E42C-3C56-4FD9-8156-36926DA8062A}.Debug|Any CPU.Build.0 = Debug|Any CPU
		{26E6E42C-3C56-4FD9-8156-36926DA8062A}.Release|Any CPU.ActiveCfg = Release|Any CPU
		{26E6E42C-3C56-4FD9-8156-36926DA8062A}.Release|Any CPU.Build.0 = Release|Any CPU
	EndGlobalSection
	GlobalSection(SolutionProperties) = preSolution
		HideSolutionNode = FALSE
	EndGlobalSection
	GlobalSection(ExtensibilityGlobals) = postSolution
		SolutionGuid = {D056281C-9FE2-4DDD-A018-1EF1ECEF4BF8}
	EndGlobalSection
EndGlobal
